
Microsoft Visual Studio Solution File, Format Version 12.00
# Visual Studio 15
VisualStudioVersion = 15.0.26124.0
MinimumVisualStudioVersion = 15.0.26124.0
Project("{2150E333-8FDC-42A3-9474-1A3956D46DE8}") = "src", "src", "{48708250-67A6-48E6-AAE7-0181D9E88639}"
EndProject
Project("{FAE04EC0-301F-11D3-BF4B-00C04F79EFBC}") = "MarketLab.Infra.Data", "src\MarketLab.Infra.Data\MarketLab.Infra.Data.csproj", "{CD447ED9-669A-4742-B64A-C32F1F6E113C}"
EndProject
Project("{FAE04EC0-301F-11D3-BF4B-00C04F79EFBC}") = "MarketLab.Domain", "src\MarketLab.Domain\MarketLab.Domain.csproj", "{33DECD19-1797-4FEA-952E-64E74C382B05}"
EndProject
Project("{FAE04EC0-301F-11D3-BF4B-00C04F79EFBC}") = "MarketLab.Application", "src\MarketLab.Application\MarketLab.Application.csproj", "{6E472E57-5D8A-472D-AE84-4B0C165D5FD0}"
EndProject
Project("{FAE04EC0-301F-11D3-BF4B-00C04F79EFBC}") = "MarketLab.API", "src\MarketLab.API\MarketLab.API.csproj", "{63BD22A6-CA92-4EFF-BBC5-4FFF29B31BAE}"
EndProject
Project("{FAE04EC0-301F-11D3-BF4B-00C04F79EFBC}") = "MarketLab.App.Core", "src\MarketLab.App.Core\MarketLab.App.Core.csproj", "{ADE5C8B9-53DB-4E07-8057-88859915A8D4}"
EndProject
Project("{FAE04EC0-301F-11D3-BF4B-00C04F79EFBC}") = "MarketLab.App.Products", "src\MarketLab.App.Products\MarketLab.App.Products.csproj", "{53E4E660-939F-465B-A66A-BE6DD5FA7F89}"
EndProject
Project("{2150E333-8FDC-42A3-9474-1A3956D46DE8}") = "MarketLab.App", "MarketLab.App", "{4059A819-3998-43C8-BA74-8CF763D3BCA2}"
EndProject
Project("{FAE04EC0-301F-11D3-BF4B-00C04F79EFBC}") = "DataCrawler", "src\MarketLab.App\DataCrawler\DataCrawler.csproj", "{4FDDDBA7-E78B-43A3-9244-64506BA50AAB}"
EndProject
Global
	GlobalSection(SolutionConfigurationPlatforms) = preSolution
		Debug|Any CPU = Debug|Any CPU
		Debug|x64 = Debug|x64
		Debug|x86 = Debug|x86
		Release|Any CPU = Release|Any CPU
		Release|x64 = Release|x64
		Release|x86 = Release|x86
	EndGlobalSection
	GlobalSection(SolutionProperties) = preSolution
		HideSolutionNode = FALSE
	EndGlobalSection
	GlobalSection(ProjectConfigurationPlatforms) = postSolution
		{CD447ED9-669A-4742-B64A-C32F1F6E113C}.Debug|Any CPU.ActiveCfg = Debug|Any CPU
		{CD447ED9-669A-4742-B64A-C32F1F6E113C}.Debug|Any CPU.Build.0 = Debug|Any CPU
		{CD447ED9-669A-4742-B64A-C32F1F6E113C}.Debug|x64.ActiveCfg = Debug|Any CPU
		{CD447ED9-669A-4742-B64A-C32F1F6E113C}.Debug|x64.Build.0 = Debug|Any CPU
		{CD447ED9-669A-4742-B64A-C32F1F6E113C}.Debug|x86.ActiveCfg = Debug|Any CPU
		{CD447ED9-669A-4742-B64A-C32F1F6E113C}.Debug|x86.Build.0 = Debug|Any CPU
		{CD447ED9-669A-4742-B64A-C32F1F6E113C}.Release|Any CPU.ActiveCfg = Release|Any CPU
		{CD447ED9-669A-4742-B64A-C32F1F6E113C}.Release|Any CPU.Build.0 = Release|Any CPU
		{CD447ED9-669A-4742-B64A-C32F1F6E113C}.Release|x64.ActiveCfg = Release|Any CPU
		{CD447ED9-669A-4742-B64A-C32F1F6E113C}.Release|x64.Build.0 = Release|Any CPU
		{CD447ED9-669A-4742-B64A-C32F1F6E113C}.Release|x86.ActiveCfg = Release|Any CPU
		{CD447ED9-669A-4742-B64A-C32F1F6E113C}.Release|x86.Build.0 = Release|Any CPU
		{33DECD19-1797-4FEA-952E-64E74C382B05}.Debug|Any CPU.ActiveCfg = Debug|Any CPU
		{33DECD19-1797-4FEA-952E-64E74C382B05}.Debug|Any CPU.Build.0 = Debug|Any CPU
		{33DECD19-1797-4FEA-952E-64E74C382B05}.Debug|x64.ActiveCfg = Debug|Any CPU
		{33DECD19-1797-4FEA-952E-64E74C382B05}.Debug|x64.Build.0 = Debug|Any CPU
		{33DECD19-1797-4FEA-952E-64E74C382B05}.Debug|x86.ActiveCfg = Debug|Any CPU
		{33DECD19-1797-4FEA-952E-64E74C382B05}.Debug|x86.Build.0 = Debug|Any CPU
		{33DECD19-1797-4FEA-952E-64E74C382B05}.Release|Any CPU.ActiveCfg = Release|Any CPU
		{33DECD19-1797-4FEA-952E-64E74C382B05}.Release|Any CPU.Build.0 = Release|Any CPU
		{33DECD19-1797-4FEA-952E-64E74C382B05}.Release|x64.ActiveCfg = Release|Any CPU
		{33DECD19-1797-4FEA-952E-64E74C382B05}.Release|x64.Build.0 = Release|Any CPU
		{33DECD19-1797-4FEA-952E-64E74C382B05}.Release|x86.ActiveCfg = Release|Any CPU
		{33DECD19-1797-4FEA-952E-64E74C382B05}.Release|x86.Build.0 = Release|Any CPU
		{6E472E57-5D8A-472D-AE84-4B0C165D5FD0}.Debug|Any CPU.ActiveCfg = Debug|Any CPU
		{6E472E57-5D8A-472D-AE84-4B0C165D5FD0}.Debug|Any CPU.Build.0 = Debug|Any CPU
		{6E472E57-5D8A-472D-AE84-4B0C165D5FD0}.Debug|x64.ActiveCfg = Debug|Any CPU
		{6E472E57-5D8A-472D-AE84-4B0C165D5FD0}.Debug|x64.Build.0 = Debug|Any CPU
		{6E472E57-5D8A-472D-AE84-4B0C165D5FD0}.Debug|x86.ActiveCfg = Debug|Any CPU
		{6E472E57-5D8A-472D-AE84-4B0C165D5FD0}.Debug|x86.Build.0 = Debug|Any CPU
		{6E472E57-5D8A-472D-AE84-4B0C165D5FD0}.Release|Any CPU.ActiveCfg = Release|Any CPU
		{6E472E57-5D8A-472D-AE84-4B0C165D5FD0}.Release|Any CPU.Build.0 = Release|Any CPU
		{6E472E57-5D8A-472D-AE84-4B0C165D5FD0}.Release|x64.ActiveCfg = Release|Any CPU
		{6E472E57-5D8A-472D-AE84-4B0C165D5FD0}.Release|x64.Build.0 = Release|Any CPU
		{6E472E57-5D8A-472D-AE84-4B0C165D5FD0}.Release|x86.ActiveCfg = Release|Any CPU
		{6E472E57-5D8A-472D-AE84-4B0C165D5FD0}.Release|x86.Build.0 = Release|Any CPU
		{63BD22A6-CA92-4EFF-BBC5-4FFF29B31BAE}.Debug|Any CPU.ActiveCfg = Debug|Any CPU
		{63BD22A6-CA92-4EFF-BBC5-4FFF29B31BAE}.Debug|Any CPU.Build.0 = Debug|Any CPU
		{63BD22A6-CA92-4EFF-BBC5-4FFF29B31BAE}.Debug|x64.ActiveCfg = Debug|Any CPU
		{63BD22A6-CA92-4EFF-BBC5-4FFF29B31BAE}.Debug|x64.Build.0 = Debug|Any CPU
		{63BD22A6-CA92-4EFF-BBC5-4FFF29B31BAE}.Debug|x86.ActiveCfg = Debug|Any CPU
		{63BD22A6-CA92-4EFF-BBC5-4FFF29B31BAE}.Debug|x86.Build.0 = Debug|Any CPU
		{63BD22A6-CA92-4EFF-BBC5-4FFF29B31BAE}.Release|Any CPU.ActiveCfg = Release|Any CPU
		{63BD22A6-CA92-4EFF-BBC5-4FFF29B31BAE}.Release|Any CPU.Build.0 = Release|Any CPU
		{63BD22A6-CA92-4EFF-BBC5-4FFF29B31BAE}.Release|x64.ActiveCfg = Release|Any CPU
		{63BD22A6-CA92-4EFF-BBC5-4FFF29B31BAE}.Release|x64.Build.0 = Release|Any CPU
		{63BD22A6-CA92-4EFF-BBC5-4FFF29B31BAE}.Release|x86.ActiveCfg = Release|Any CPU
		{63BD22A6-CA92-4EFF-BBC5-4FFF29B31BAE}.Release|x86.Build.0 = Release|Any CPU
		{ADE5C8B9-53DB-4E07-8057-88859915A8D4}.Debug|Any CPU.ActiveCfg = Debug|Any CPU
		{ADE5C8B9-53DB-4E07-8057-88859915A8D4}.Debug|Any CPU.Build.0 = Debug|Any CPU
		{ADE5C8B9-53DB-4E07-8057-88859915A8D4}.Debug|x64.ActiveCfg = Debug|Any CPU
		{ADE5C8B9-53DB-4E07-8057-88859915A8D4}.Debug|x64.Build.0 = Debug|Any CPU
		{ADE5C8B9-53DB-4E07-8057-88859915A8D4}.Debug|x86.ActiveCfg = Debug|Any CPU
		{ADE5C8B9-53DB-4E07-8057-88859915A8D4}.Debug|x86.Build.0 = Debug|Any CPU
		{ADE5C8B9-53DB-4E07-8057-88859915A8D4}.Release|Any CPU.ActiveCfg = Release|Any CPU
		{ADE5C8B9-53DB-4E07-8057-88859915A8D4}.Release|Any CPU.Build.0 = Release|Any CPU
		{ADE5C8B9-53DB-4E07-8057-88859915A8D4}.Release|x64.ActiveCfg = Release|Any CPU
		{ADE5C8B9-53DB-4E07-8057-88859915A8D4}.Release|x64.Build.0 = Release|Any CPU
		{ADE5C8B9-53DB-4E07-8057-88859915A8D4}.Release|x86.ActiveCfg = Release|Any CPU
		{ADE5C8B9-53DB-4E07-8057-88859915A8D4}.Release|x86.Build.0 = Release|Any CPU
		{53E4E660-939F-465B-A66A-BE6DD5FA7F89}.Debug|Any CPU.ActiveCfg = Debug|Any CPU
		{53E4E660-939F-465B-A66A-BE6DD5FA7F89}.Debug|Any CPU.Build.0 = Debug|Any CPU
		{53E4E660-939F-465B-A66A-BE6DD5FA7F89}.Debug|x64.ActiveCfg = Debug|Any CPU
		{53E4E660-939F-465B-A66A-BE6DD5FA7F89}.Debug|x64.Build.0 = Debug|Any CPU
		{53E4E660-939F-465B-A66A-BE6DD5FA7F89}.Debug|x86.ActiveCfg = Debug|Any CPU
		{53E4E660-939F-465B-A66A-BE6DD5FA7F89}.Debug|x86.Build.0 = Debug|Any CPU
		{53E4E660-939F-465B-A66A-BE6DD5FA7F89}.Release|Any CPU.ActiveCfg = Release|Any CPU
		{53E4E660-939F-465B-A66A-BE6DD5FA7F89}.Release|Any CPU.Build.0 = Release|Any CPU
		{53E4E660-939F-465B-A66A-BE6DD5FA7F89}.Release|x64.ActiveCfg = Release|Any CPU
		{53E4E660-939F-465B-A66A-BE6DD5FA7F89}.Release|x64.Build.0 = Release|Any CPU
		{53E4E660-939F-465B-A66A-BE6DD5FA7F89}.Release|x86.ActiveCfg = Release|Any CPU
		{53E4E660-939F-465B-A66A-BE6DD5FA7F89}.Release|x86.Build.0 = Release|Any CPU
		{4FDDDBA7-E78B-43A3-9244-64506BA50AAB}.Debug|Any CPU.ActiveCfg = Debug|Any CPU
		{4FDDDBA7-E78B-43A3-9244-64506BA50AAB}.Debug|Any CPU.Build.0 = Debug|Any CPU
		{4FDDDBA7-E78B-43A3-9244-64506BA50AAB}.Debug|x64.ActiveCfg = Debug|Any CPU
		{4FDDDBA7-E78B-43A3-9244-64506BA50AAB}.Debug|x64.Build.0 = Debug|Any CPU
		{4FDDDBA7-E78B-43A3-9244-64506BA50AAB}.Debug|x86.ActiveCfg = Debug|Any CPU
		{4FDDDBA7-E78B-43A3-9244-64506BA50AAB}.Debug|x86.Build.0 = Debug|Any CPU
		{4FDDDBA7-E78B-43A3-9244-64506BA50AAB}.Release|Any CPU.ActiveCfg = Release|Any CPU
		{4FDDDBA7-E78B-43A3-9244-64506BA50AAB}.Release|Any CPU.Build.0 = Release|Any CPU
		{4FDDDBA7-E78B-43A3-9244-64506BA50AAB}.Release|x64.ActiveCfg = Release|Any CPU
		{4FDDDBA7-E78B-43A3-9244-64506BA50AAB}.Release|x64.Build.0 = Release|Any CPU
		{4FDDDBA7-E78B-43A3-9244-64506BA50AAB}.Release|x86.ActiveCfg = Release|Any CPU
		{4FDDDBA7-E78B-43A3-9244-64506BA50AAB}.Release|x86.Build.0 = Release|Any CPU
	EndGlobalSection
	GlobalSection(NestedProjects) = preSolution
		{CD447ED9-669A-4742-B64A-C32F1F6E113C} = {48708250-67A6-48E6-AAE7-0181D9E88639}
		{33DECD19-1797-4FEA-952E-64E74C382B05} = {48708250-67A6-48E6-AAE7-0181D9E88639}
		{6E472E57-5D8A-472D-AE84-4B0C165D5FD0} = {48708250-67A6-48E6-AAE7-0181D9E88639}
		{63BD22A6-CA92-4EFF-BBC5-4FFF29B31BAE} = {48708250-67A6-48E6-AAE7-0181D9E88639}
		{ADE5C8B9-53DB-4E07-8057-88859915A8D4} = {48708250-67A6-48E6-AAE7-0181D9E88639}
		{53E4E660-939F-465B-A66A-BE6DD5FA7F89} = {48708250-67A6-48E6-AAE7-0181D9E88639}
		{4059A819-3998-43C8-BA74-8CF763D3BCA2} = {48708250-67A6-48E6-AAE7-0181D9E88639}
		{4FDDDBA7-E78B-43A3-9244-64506BA50AAB} = {4059A819-3998-43C8-BA74-8CF763D3BCA2}
	EndGlobalSection
EndGlobal
